<?xml version="1.0" encoding="UTF-8"?>
<CONFIG>
  <ProjectOptions>
    <Version Value="9"/>
    <PathDelim Value="\"/>
    <General>
      <SessionStorage Value="InProjectDir"/>
      <MainUnit Value="0"/>
      <Title Value="TimeTable"/>
      <ResourceType Value="res"/>
      <UseXPManifest Value="True"/>
      <Icon Value="0"/>
    </General>
    <i18n>
      <EnableI18N LFM="False"/>
    </i18n>
    <VersionInfo>
      <StringTable ProductVersion=""/>
    </VersionInfo>
    <BuildModes Count="1">
      <Item1 Name="Default" Default="True"/>
    </BuildModes>
    <PublishOptions>
      <Version Value="2"/>
    </PublishOptions>
    <RunParams>
      <local>
        <FormatVersion Value="1"/>
      </local>
    </RunParams>
    <RequiredPackages Count="4">
      <Item1>
        <PackageName Value="DateTimeCtrls"/>
      </Item1>
      <Item2>
        <PackageName Value="FCL"/>
      </Item2>
      <Item3>
        <PackageName Value="SQLDBLaz"/>
      </Item3>
      <Item4>
        <PackageName Value="LCL"/>
      </Item4>
    </RequiredPackages>
    <Units Count="12">
      <Unit0>
        <Filename Value="TimeTable.lpr"/>
        <IsPartOfProject Value="True"/>
      </Unit0>
      <Unit1>
        <Filename Value="umain.pas"/>
        <IsPartOfProject Value="True"/>
        <ComponentName Value="Main"/>
        <HasResources Value="True"/>
        <ResourceBaseClass Value="Form"/>
        <UnitName Value="UMain"/>
      </Unit1>
      <Unit2>
        <Filename Value="udirectory.pas"/>
        <IsPartOfProject Value="True"/>
        <ComponentName Value="TableForm"/>
        <HasResources Value="True"/>
        <ResourceBaseClass Value="Form"/>
        <UnitName Value="UDirectory"/>
      </Unit2>
      <Unit3>
        <Filename Value="udb.pas"/>
        <IsPartOfProject Value="True"/>
        <ComponentName Value="DataModule1"/>
        <HasResources Value="True"/>
        <ResourceBaseClass Value="DataModule"/>
        <UnitName Value="UDB"/>
      </Unit3>
      <Unit4>
        <Filename Value="umetadata.pas"/>
        <IsPartOfProject Value="True"/>
        <UnitName Value="UMetaData"/>
      </Unit4>
      <Unit5>
        <Filename Value="uquerybuild.pas"/>
        <IsPartOfProject Value="True"/>
        <UnitName Value="UQueryBuild"/>
      </Unit5>
      <Unit6>
        <Filename Value="ufilter.pas"/>
        <IsPartOfProject Value="True"/>
        <UnitName Value="UFilter"/>
      </Unit6>
      <Unit7>
        <Filename Value="ufieldcard.pas"/>
        <IsPartOfProject Value="True"/>
        <ComponentName Value="CardForm"/>
        <HasResources Value="True"/>
        <ResourceBaseClass Value="Form"/>
        <UnitName Value="UFieldCard"/>
      </Unit7>
      <Unit8>
        <Filename Value="unotification.pas"/>
        <IsPartOfProject Value="True"/>
        <UnitName Value="UNotification"/>
      </Unit8>
      <Unit9>
        <Filename Value="utimetable.pas"/>
        <IsPartOfProject Value="True"/>
        <ComponentName Value="TimeTableForm"/>
        <HasResources Value="True"/>
        <ResourceBaseClass Value="Form"/>
        <UnitName Value="UTimeTable"/>
      </Unit9>
      <Unit10>
        <Filename Value="uconflict.pas"/>
        <IsPartOfProject Value="True"/>
        <ComponentName Value="ConlfictsForm"/>
        <HasResources Value="True"/>
        <ResourceBaseClass Value="Form"/>
        <UnitName Value="UConflict"/>
      </Unit10>
      <Unit11>
        <Filename Value="uexcel.pas"/>
        <IsPartOfProject Value="True"/>
        <UnitName Value="UExcel"/>
      </Unit11>
    </Units>
  </ProjectOptions>
  <CompilerOptions>
    <Version Value="11"/>
    <PathDelim Value="\"/>
    <Target>
      <Filename Value="TimeTable"/>
    </Target>
    <SearchPaths>
      <IncludeFiles Value="$(ProjOutDir)"/>
      <UnitOutputDirectory Value="lib\$(TargetCPU)-$(TargetOS)"/>
    </SearchPaths>
    <Parsing>
      <SyntaxOptions>
        <IncludeAssertionCode Value="True"/>
      </SyntaxOptions>
    </Parsing>
    <CodeGeneration>
      <Checks>
        <IOChecks Value="True"/>
        <RangeChecks Value="True"/>
        <OverflowChecks Value="True"/>
        <StackChecks Value="True"/>
      </Checks>
    </CodeGeneration>
    <Linking>
      <Options>
        <Win32>
          <GraphicApplication Value="True"/>
        </Win32>
      </Options>
    </Linking>
  </CompilerOptions>
  <Debugging>
    <Exceptions Count="3">
      <Item1>
        <Name Value="EAbort"/>
      </Item1>
      <Item2>
        <Name Value="ECodetoolError"/>
      </Item2>
      <Item3>
        <Name Value="EFOpenError"/>
      </Item3>
    </Exceptions>
  </Debugging>
</CONFIG>
